
Microsoft Visual Studio Solution File, Format Version 12.00
# Visual Studio 15
VisualStudioVersion = 15.0.28307.329
MinimumVisualStudioVersion = 10.0.40219.1
Project("{FAE04EC0-301F-11D3-BF4B-00C04F79EFBC}") = "auto_skolaSolution.Android", "auto_skolaSolution\auto_skolaSolution.Android\auto_skolaSolution.Android.csproj", "{E59B214E-8B69-42D0-9CB4-8860737EDEEB}"
EndProject
Project("{FAE04EC0-301F-11D3-BF4B-00C04F79EFBC}") = "auto_skolaSolution.iOS", "auto_skolaSolution\auto_skolaSolution.iOS\auto_skolaSolution.iOS.csproj", "{33698D3D-6627-44B9-8C12-C74CA40F4E08}"
EndProject
Project("{FAE04EC0-301F-11D3-BF4B-00C04F79EFBC}") = "auto_skolaSolution.UWP", "auto_skolaSolution\auto_skolaSolution.UWP\auto_skolaSolution.UWP.csproj", "{7D86C674-6E9D-45A5-8B40-E2863BA50AFB}"
EndProject
Project("{D954291E-2A0B-460D-934E-DC6B0785DB48}") = "auto_skolaSolution", "auto_skolaSolution\auto_skolaSolution\auto_skolaSolution.shproj", "{98531DDB-541B-4597-9171-CF2C26427D1A}"
EndProject
Project("{FAE04EC0-301F-11D3-BF4B-00C04F79EFBC}") = "auto_skola_PCL", "auto_skola_PCL\auto_skola_PCL.csproj", "{D96D0BC9-6075-4DDF-A200-E027E56B94D8}"
EndProject
Project("{FAE04EC0-301F-11D3-BF4B-00C04F79EFBC}") = "auto_skolaAPI", "..\auto_skola\auto_skolaAPI\auto_skolaAPI.csproj", "{F8A90243-0768-4A2F-9D51-E08A29990537}"
EndProject
Project("{FAE04EC0-301F-11D3-BF4B-00C04F79EFBC}") = "auto_skolaUI", "..\auto_skola\auto_skolaUI\auto_skolaUI.csproj", "{BDCB88D1-C211-4D52-8982-03D0F7E2987F}"
EndProject
Global
	GlobalSection(SharedMSBuildProjectFiles) = preSolution
		auto_skolaSolution\auto_skolaSolution\auto_skolaSolution.projitems*{33698d3d-6627-44b9-8c12-c74ca40f4e08}*SharedItemsImports = 4
		auto_skolaSolution\auto_skolaSolution\auto_skolaSolution.projitems*{7d86c674-6e9d-45a5-8b40-e2863ba50afb}*SharedItemsImports = 4
		auto_skolaSolution\auto_skolaSolution\auto_skolaSolution.projitems*{98531ddb-541b-4597-9171-cf2c26427d1a}*SharedItemsImports = 13
		auto_skolaSolution\auto_skolaSolution\auto_skolaSolution.projitems*{e59b214e-8b69-42d0-9cb4-8860737edeeb}*SharedItemsImports = 4
	EndGlobalSection
	GlobalSection(SolutionConfigurationPlatforms) = preSolution
		Ad-Hoc|Any CPU = Ad-Hoc|Any CPU
		Ad-Hoc|ARM = Ad-Hoc|ARM
		Ad-Hoc|iPhone = Ad-Hoc|iPhone
		Ad-Hoc|iPhoneSimulator = Ad-Hoc|iPhoneSimulator
		Ad-Hoc|x64 = Ad-Hoc|x64
		Ad-Hoc|x86 = Ad-Hoc|x86
		AppStore|Any CPU = AppStore|Any CPU
		AppStore|ARM = AppStore|ARM
		AppStore|iPhone = AppStore|iPhone
		AppStore|iPhoneSimulator = AppStore|iPhoneSimulator
		AppStore|x64 = AppStore|x64
		AppStore|x86 = AppStore|x86
		Debug|Any CPU = Debug|Any CPU
		Debug|ARM = Debug|ARM
		Debug|iPhone = Debug|iPhone
		Debug|iPhoneSimulator = Debug|iPhoneSimulator
		Debug|x64 = Debug|x64
		Debug|x86 = Debug|x86
		Release|Any CPU = Release|Any CPU
		Release|ARM = Release|ARM
		Release|iPhone = Release|iPhone
		Release|iPhoneSimulator = Release|iPhoneSimulator
		Release|x64 = Release|x64
		Release|x86 = Release|x86
	EndGlobalSection
	GlobalSection(ProjectConfigurationPlatforms) = postSolution
		{E59B214E-8B69-42D0-9CB4-8860737EDEEB}.Ad-Hoc|Any CPU.ActiveCfg = Release|Any CPU
		{E59B214E-8B69-42D0-9CB4-8860737EDEEB}.Ad-Hoc|Any CPU.Build.0 = Release|Any CPU
		{E59B214E-8B69-42D0-9CB4-8860737EDEEB}.Ad-Hoc|Any CPU.Deploy.0 = Release|Any CPU
		{E59B214E-8B69-42D0-9CB4-8860737EDEEB}.Ad-Hoc|ARM.ActiveCfg = Release|Any CPU
		{E59B214E-8B69-42D0-9CB4-8860737EDEEB}.Ad-Hoc|ARM.Build.0 = Release|Any CPU
		{E59B214E-8B69-42D0-9CB4-8860737EDEEB}.Ad-Hoc|ARM.Deploy.0 = Release|Any CPU
		{E59B214E-8B69-42D0-9CB4-8860737EDEEB}.Ad-Hoc|iPhone.ActiveCfg = Release|Any CPU
		{E59B214E-8B69-42D0-9CB4-8860737EDEEB}.Ad-Hoc|iPhone.Build.0 = Release|Any CPU
		{E59B214E-8B69-42D0-9CB4-8860737EDEEB}.Ad-Hoc|iPhone.Deploy.0 = Release|Any CPU
		{E59B214E-8B69-42D0-9CB4-8860737EDEEB}.Ad-Hoc|iPhoneSimulator.ActiveCfg = Release|Any CPU
		{E59B214E-8B69-42D0-9CB4-8860737EDEEB}.Ad-Hoc|iPhoneSimulator.Build.0 = Release|Any CPU
		{E59B214E-8B69-42D0-9CB4-8860737EDEEB}.Ad-Hoc|iPhoneSimulator.Deploy.0 = Release|Any CPU
		{E59B214E-8B69-42D0-9CB4-8860737EDEEB}.Ad-Hoc|x64.ActiveCfg = Release|Any CPU
		{E59B214E-8B69-42D0-9CB4-8860737EDEEB}.Ad-Hoc|x64.Build.0 = Release|Any CPU
		{E59B214E-8B69-42D0-9CB4-8860737EDEEB}.Ad-Hoc|x64.Deploy.0 = Release|Any CPU
		{E59B214E-8B69-42D0-9CB4-8860737EDEEB}.Ad-Hoc|x86.ActiveCfg = Release|Any CPU
		{E59B214E-8B69-42D0-9CB4-8860737EDEEB}.Ad-Hoc|x86.Build.0 = Release|Any CPU
		{E59B214E-8B69-42D0-9CB4-8860737EDEEB}.Ad-Hoc|x86.Deploy.0 = Release|Any CPU
		{E59B214E-8B69-42D0-9CB4-8860737EDEEB}.AppStore|Any CPU.ActiveCfg = Release|Any CPU
		{E59B214E-8B69-42D0-9CB4-8860737EDEEB}.AppStore|Any CPU.Build.0 = Release|Any CPU
		{E59B214E-8B69-42D0-9CB4-8860737EDEEB}.AppStore|Any CPU.Deploy.0 = Release|Any CPU
		{E59B214E-8B69-42D0-9CB4-8860737EDEEB}.AppStore|ARM.ActiveCfg = Release|Any CPU
		{E59B214E-8B69-42D0-9CB4-8860737EDEEB}.AppStore|ARM.Build.0 = Release|Any CPU
		{E59B214E-8B69-42D0-9CB4-8860737EDEEB}.AppStore|ARM.Deploy.0 = Release|Any CPU
		{E59B214E-8B69-42D0-9CB4-8860737EDEEB}.AppStore|iPhone.ActiveCfg = Release|Any CPU
		{E59B214E-8B69-42D0-9CB4-8860737EDEEB}.AppStore|iPhone.Build.0 = Release|Any CPU
		{E59B214E-8B69-42D0-9CB4-8860737EDEEB}.AppStore|iPhone.Deploy.0 = Release|Any CPU
		{E59B214E-8B69-42D0-9CB4-8860737EDEEB}.AppStore|iPhoneSimulator.ActiveCfg = Release|Any CPU
		{E59B214E-8B69-42D0-9CB4-8860737EDEEB}.AppStore|iPhoneSimulator.Build.0 = Release|Any CPU
		{E59B214E-8B69-42D0-9CB4-8860737EDEEB}.AppStore|iPhoneSimulator.Deploy.0 = Release|Any CPU
		{E59B214E-8B69-42D0-9CB4-8860737EDEEB}.AppStore|x64.ActiveCfg = Release|Any CPU
		{E59B214E-8B69-42D0-9CB4-8860737EDEEB}.AppStore|x64.Build.0 = Release|Any CPU
		{E59B214E-8B69-42D0-9CB4-8860737EDEEB}.AppStore|x64.Deploy.0 = Release|Any CPU
		{E59B214E-8B69-42D0-9CB4-8860737EDEEB}.AppStore|x86.ActiveCfg = Release|Any CPU
		{E59B214E-8B69-42D0-9CB4-8860737EDEEB}.AppStore|x86.Build.0 = Release|Any CPU
		{E59B214E-8B69-42D0-9CB4-8860737EDEEB}.AppStore|x86.Deploy.0 = Release|Any CPU
		{E59B214E-8B69-42D0-9CB4-8860737EDEEB}.Debug|Any CPU.ActiveCfg = Debug|Any CPU
		{E59B214E-8B69-42D0-9CB4-8860737EDEEB}.Debug|Any CPU.Build.0 = Debug|Any CPU
		{E59B214E-8B69-42D0-9CB4-8860737EDEEB}.Debug|Any CPU.Deploy.0 = Debug|Any CPU
		{E59B214E-8B69-42D0-9CB4-8860737EDEEB}.Debug|ARM.ActiveCfg = Debug|Any CPU
		{E59B214E-8B69-42D0-9CB4-8860737EDEEB}.Debug|ARM.Build.0 = Debug|Any CPU
		{E59B214E-8B69-42D0-9CB4-8860737EDEEB}.Debug|ARM.Deploy.0 = Debug|Any CPU
		{E59B214E-8B69-42D0-9CB4-8860737EDEEB}.Debug|iPhone.ActiveCfg = Debug|Any CPU
		{E59B214E-8B69-42D0-9CB4-8860737EDEEB}.Debug|iPhone.Build.0 = Debug|Any CPU
		{E59B214E-8B69-42D0-9CB4-8860737EDEEB}.Debug|iPhone.Deploy.0 = Debug|Any CPU
		{E59B214E-8B69-42D0-9CB4-8860737EDEEB}.Debug|iPhoneSimulator.ActiveCfg = Debug|Any CPU
		{E59B214E-8B69-42D0-9CB4-8860737EDEEB}.Debug|iPhoneSimulator.Build.0 = Debug|Any CPU
		{E59B214E-8B69-42D0-9CB4-8860737EDEEB}.Debug|iPhoneSimulator.Deploy.0 = Debug|Any CPU
		{E59B214E-8B69-42D0-9CB4-8860737EDEEB}.Debug|x64.ActiveCfg = Debug|Any CPU
		{E59B214E-8B69-42D0-9CB4-8860737EDEEB}.Debug|x64.Build.0 = Debug|Any CPU
		{E59B214E-8B69-42D0-9CB4-8860737EDEEB}.Debug|x64.Deploy.0 = Debug|Any CPU
		{E59B214E-8B69-42D0-9CB4-8860737EDEEB}.Debug|x86.ActiveCfg = Debug|Any CPU
		{E59B214E-8B69-42D0-9CB4-8860737EDEEB}.Debug|x86.Build.0 = Debug|Any CPU
		{E59B214E-8B69-42D0-9CB4-8860737EDEEB}.Debug|x86.Deploy.0 = Debug|Any CPU
		{E59B214E-8B69-42D0-9CB4-8860737EDEEB}.Release|Any CPU.ActiveCfg = Release|Any CPU
		{E59B214E-8B69-42D0-9CB4-8860737EDEEB}.Release|Any CPU.Build.0 = Release|Any CPU
		{E59B214E-8B69-42D0-9CB4-8860737EDEEB}.Release|Any CPU.Deploy.0 = Release|Any CPU
		{E59B214E-8B69-42D0-9CB4-8860737EDEEB}.Release|ARM.ActiveCfg = Release|Any CPU
		{E59B214E-8B69-42D0-9CB4-8860737EDEEB}.Release|ARM.Build.0 = Release|Any CPU
		{E59B214E-8B69-42D0-9CB4-8860737EDEEB}.Release|ARM.Deploy.0 = Release|Any CPU
		{E59B214E-8B69-42D0-9CB4-8860737EDEEB}.Release|iPhone.ActiveCfg = Release|Any CPU
		{E59B214E-8B69-42D0-9CB4-8860737EDEEB}.Release|iPhone.Build.0 = Release|Any CPU
		{E59B214E-8B69-42D0-9CB4-8860737EDEEB}.Release|iPhone.Deploy.0 = Release|Any CPU
		{E59B214E-8B69-42D0-9CB4-8860737EDEEB}.Release|iPhoneSimulator.ActiveCfg = Release|Any CPU
		{E59B214E-8B69-42D0-9CB4-8860737EDEEB}.Release|iPhoneSimulator.Build.0 = Release|Any CPU
		{E59B214E-8B69-42D0-9CB4-8860737EDEEB}.Release|iPhoneSimulator.Deploy.0 = Release|Any CPU
		{E59B214E-8B69-42D0-9CB4-8860737EDEEB}.Release|x64.ActiveCfg = Release|Any CPU
		{E59B214E-8B69-42D0-9CB4-8860737EDEEB}.Release|x64.Build.0 = Release|Any CPU
		{E59B214E-8B69-42D0-9CB4-8860737EDEEB}.Release|x64.Deploy.0 = Release|Any CPU
		{E59B214E-8B69-42D0-9CB4-8860737EDEEB}.Release|x86.ActiveCfg = Release|Any CPU
		{E59B214E-8B69-42D0-9CB4-8860737EDEEB}.Release|x86.Build.0 = Release|Any CPU
		{E59B214E-8B69-42D0-9CB4-8860737EDEEB}.Release|x86.Deploy.0 = Release|Any CPU
		{33698D3D-6627-44B9-8C12-C74CA40F4E08}.Ad-Hoc|Any CPU.ActiveCfg = Ad-Hoc|iPhone
		{33698D3D-6627-44B9-8C12-C74CA40F4E08}.Ad-Hoc|Any CPU.Build.0 = Ad-Hoc|iPhone
		{33698D3D-6627-44B9-8C12-C74CA40F4E08}.Ad-Hoc|Any CPU.Deploy.0 = Ad-Hoc|iPhone
		{33698D3D-6627-44B9-8C12-C74CA40F4E08}.Ad-Hoc|ARM.ActiveCfg = Ad-Hoc|iPhone
		{33698D3D-6627-44B9-8C12-C74CA40F4E08}.Ad-Hoc|ARM.Build.0 = Ad-Hoc|iPhone
		{33698D3D-6627-44B9-8C12-C74CA40F4E08}.Ad-Hoc|ARM.Deploy.0 = Ad-Hoc|iPhone
		{33698D3D-6627-44B9-8C12-C74CA40F4E08}.Ad-Hoc|iPhone.ActiveCfg = Ad-Hoc|iPhone
		{33698D3D-6627-44B9-8C12-C74CA40F4E08}.Ad-Hoc|iPhone.Build.0 = Ad-Hoc|iPhone
		{33698D3D-6627-44B9-8C12-C74CA40F4E08}.Ad-Hoc|iPhone.Deploy.0 = Ad-Hoc|iPhone
		{33698D3D-6627-44B9-8C12-C74CA40F4E08}.Ad-Hoc|iPhoneSimulator.ActiveCfg = Ad-Hoc|iPhoneSimulator
		{33698D3D-6627-44B9-8C12-C74CA40F4E08}.Ad-Hoc|iPhoneSimulator.Build.0 = Ad-Hoc|iPhoneSimulator
		{33698D3D-6627-44B9-8C12-C74CA40F4E08}.Ad-Hoc|iPhoneSimulator.Deploy.0 = Ad-Hoc|iPhoneSimulator
		{33698D3D-6627-44B9-8C12-C74CA40F4E08}.Ad-Hoc|x64.ActiveCfg = Ad-Hoc|iPhone
		{33698D3D-6627-44B9-8C12-C74CA40F4E08}.Ad-Hoc|x64.Build.0 = Ad-Hoc|iPhone
		{33698D3D-6627-44B9-8C12-C74CA40F4E08}.Ad-Hoc|x64.Deploy.0 = Ad-Hoc|iPhone
		{33698D3D-6627-44B9-8C12-C74CA40F4E08}.Ad-Hoc|x86.ActiveCfg = Ad-Hoc|iPhone
		{33698D3D-6627-44B9-8C12-C74CA40F4E08}.Ad-Hoc|x86.Build.0 = Ad-Hoc|iPhone
		{33698D3D-6627-44B9-8C12-C74CA40F4E08}.Ad-Hoc|x86.Deploy.0 = Ad-Hoc|iPhone
		{33698D3D-6627-44B9-8C12-C74CA40F4E08}.AppStore|Any CPU.ActiveCfg = AppStore|iPhone
		{33698D3D-6627-44B9-8C12-C74CA40F4E08}.AppStore|Any CPU.Build.0 = AppStore|iPhone
		{33698D3D-6627-44B9-8C12-C74CA40F4E08}.AppStore|Any CPU.Deploy.0 = AppStore|iPhone
		{33698D3D-6627-44B9-8C12-C74CA40F4E08}.AppStore|ARM.ActiveCfg = AppStore|iPhone
		{33698D3D-6627-44B9-8C12-C74CA40F4E08}.AppStore|ARM.Build.0 = AppStore|iPhone
		{33698D3D-6627-44B9-8C12-C74CA40F4E08}.AppStore|ARM.Deploy.0 = AppStore|iPhone
		{33698D3D-6627-44B9-8C12-C74CA40F4E08}.AppStore|iPhone.ActiveCfg = AppStore|iPhone
		{33698D3D-6627-44B9-8C12-C74CA40F4E08}.AppStore|iPhone.Build.0 = AppStore|iPhone
		{33698D3D-6627-44B9-8C12-C74CA40F4E08}.AppStore|iPhone.Deploy.0 = AppStore|iPhone
		{33698D3D-6627-44B9-8C12-C74CA40F4E08}.AppStore|iPhoneSimulator.ActiveCfg = AppStore|iPhoneSimulator
		{33698D3D-6627-44B9-8C12-C74CA40F4E08}.AppStore|iPhoneSimulator.Build.0 = AppStore|iPhoneSimulator
		{33698D3D-6627-44B9-8C12-C74CA40F4E08}.AppStore|iPhoneSimulator.Deploy.0 = AppStore|iPhoneSimulator
		{33698D3D-6627-44B9-8C12-C74CA40F4E08}.AppStore|x64.ActiveCfg = AppStore|iPhone
		{33698D3D-6627-44B9-8C12-C74CA40F4E08}.AppStore|x64.Build.0 = AppStore|iPhone
		{33698D3D-6627-44B9-8C12-C74CA40F4E08}.AppStore|x64.Deploy.0 = AppStore|iPhone
		{33698D3D-6627-44B9-8C12-C74CA40F4E08}.AppStore|x86.ActiveCfg = AppStore|iPhone
		{33698D3D-6627-44B9-8C12-C74CA40F4E08}.AppStore|x86.Build.0 = AppStore|iPhone
		{33698D3D-6627-44B9-8C12-C74CA40F4E08}.AppStore|x86.Deploy.0 = AppStore|iPhone
		{33698D3D-6627-44B9-8C12-C74CA40F4E08}.Debug|Any CPU.ActiveCfg = Debug|iPhoneSimulator
		{33698D3D-6627-44B9-8C12-C74CA40F4E08}.Debug|Any CPU.Build.0 = Debug|iPhoneSimulator
		{33698D3D-6627-44B9-8C12-C74CA40F4E08}.Debug|Any CPU.Deploy.0 = Debug|iPhoneSimulator
		{33698D3D-6627-44B9-8C12-C74CA40F4E08}.Debug|ARM.ActiveCfg = Debug|iPhone
		{33698D3D-6627-44B9-8C12-C74CA40F4E08}.Debug|ARM.Build.0 = Debug|iPhone
		{33698D3D-6627-44B9-8C12-C74CA40F4E08}.Debug|ARM.Deploy.0 = Debug|iPhone
		{33698D3D-6627-44B9-8C12-C74CA40F4E08}.Debug|iPhone.ActiveCfg = Debug|iPhone
		{33698D3D-6627-44B9-8C12-C74CA40F4E08}.Debug|iPhone.Build.0 = Debug|iPhone
		{33698D3D-6627-44B9-8C12-C74CA40F4E08}.Debug|iPhone.Deploy.0 = Debug|iPhone
		{33698D3D-6627-44B9-8C12-C74CA40F4E08}.Debug|iPhoneSimulator.ActiveCfg = Debug|iPhoneSimulator
		{33698D3D-6627-44B9-8C12-C74CA40F4E08}.Debug|iPhoneSimulator.Build.0 = Debug|iPhoneSimulator
		{33698D3D-6627-44B9-8C12-C74CA40F4E08}.Debug|iPhoneSimulator.Deploy.0 = Debug|iPhoneSimulator
		{33698D3D-6627-44B9-8C12-C74CA40F4E08}.Debug|x64.ActiveCfg = Debug|iPhone
		{33698D3D-6627-44B9-8C12-C74CA40F4E08}.Debug|x64.Build.0 = Debug|iPhone
		{33698D3D-6627-44B9-8C12-C74CA40F4E08}.Debug|x64.Deploy.0 = Debug|iPhone
		{33698D3D-6627-44B9-8C12-C74CA40F4E08}.Debug|x86.ActiveCfg = Debug|iPhone
		{33698D3D-6627-44B9-8C12-C74CA40F4E08}.Debug|x86.Build.0 = Debug|iPhone
		{33698D3D-6627-44B9-8C12-C74CA40F4E08}.Debug|x86.Deploy.0 = Debug|iPhone
		{33698D3D-6627-44B9-8C12-C74CA40F4E08}.Release|Any CPU.ActiveCfg = Release|iPhone
		{33698D3D-6627-44B9-8C12-C74CA40F4E08}.Release|Any CPU.Build.0 = Release|iPhone
		{33698D3D-6627-44B9-8C12-C74CA40F4E08}.Release|Any CPU.Deploy.0 = Release|iPhone
		{33698D3D-6627-44B9-8C12-C74CA40F4E08}.Release|ARM.ActiveCfg = Release|iPhone
		{33698D3D-6627-44B9-8C12-C74CA40F4E08}.Release|ARM.Build.0 = Release|iPhone
		{33698D3D-6627-44B9-8C12-C74CA40F4E08}.Release|ARM.Deploy.0 = Release|iPhone
		{33698D3D-6627-44B9-8C12-C74CA40F4E08}.Release|iPhone.ActiveCfg = Release|iPhone
		{33698D3D-6627-44B9-8C12-C74CA40F4E08}.Release|iPhone.Build.0 = Release|iPhone
		{33698D3D-6627-44B9-8C12-C74CA40F4E08}.Release|iPhone.Deploy.0 = Release|iPhone
		{33698D3D-6627-44B9-8C12-C74CA40F4E08}.Release|iPhoneSimulator.ActiveCfg = Release|iPhoneSimulator
		{33698D3D-6627-44B9-8C12-C74CA40F4E08}.Release|iPhoneSimulator.Build.0 = Release|iPhoneSimulator
		{33698D3D-6627-44B9-8C12-C74CA40F4E08}.Release|iPhoneSimulator.Deploy.0 = Release|iPhoneSimulator
		{33698D3D-6627-44B9-8C12-C74CA40F4E08}.Release|x64.ActiveCfg = Release|iPhone
		{33698D3D-6627-44B9-8C12-C74CA40F4E08}.Release|x64.Build.0 = Release|iPhone
		{33698D3D-6627-44B9-8C12-C74CA40F4E08}.Release|x64.Deploy.0 = Release|iPhone
		{33698D3D-6627-44B9-8C12-C74CA40F4E08}.Release|x86.ActiveCfg = Release|iPhone
		{33698D3D-6627-44B9-8C12-C74CA40F4E08}.Release|x86.Build.0 = Release|iPhone
		{33698D3D-6627-44B9-8C12-C74CA40F4E08}.Release|x86.Deploy.0 = Release|iPhone
		{7D86C674-6E9D-45A5-8B40-E2863BA50AFB}.Ad-Hoc|Any CPU.ActiveCfg = Release|x86
		{7D86C674-6E9D-45A5-8B40-E2863BA50AFB}.Ad-Hoc|Any CPU.Build.0 = Release|x86
		{7D86C674-6E9D-45A5-8B40-E2863BA50AFB}.Ad-Hoc|Any CPU.Deploy.0 = Release|x86
		{7D86C674-6E9D-45A5-8B40-E2863BA50AFB}.Ad-Hoc|ARM.ActiveCfg = Release|ARM
		{7D86C674-6E9D-45A5-8B40-E2863BA50AFB}.Ad-Hoc|ARM.Build.0 = Release|ARM
		{7D86C674-6E9D-45A5-8B40-E2863BA50AFB}.Ad-Hoc|ARM.Deploy.0 = Release|ARM
		{7D86C674-6E9D-45A5-8B40-E2863BA50AFB}.Ad-Hoc|iPhone.ActiveCfg = Release|x86
		{7D86C674-6E9D-45A5-8B40-E2863BA50AFB}.Ad-Hoc|iPhone.Build.0 = Release|x86
		{7D86C674-6E9D-45A5-8B40-E2863BA50AFB}.Ad-Hoc|iPhone.Deploy.0 = Release|x86
		{7D86C674-6E9D-45A5-8B40-E2863BA50AFB}.Ad-Hoc|iPhoneSimulator.ActiveCfg = Release|x86
		{7D86C674-6E9D-45A5-8B40-E2863BA50AFB}.Ad-Hoc|iPhoneSimulator.Build.0 = Release|x86
		{7D86C674-6E9D-45A5-8B40-E2863BA50AFB}.Ad-Hoc|iPhoneSimulator.Deploy.0 = Release|x86
		{7D86C674-6E9D-45A5-8B40-E2863BA50AFB}.Ad-Hoc|x64.ActiveCfg = Release|x64
		{7D86C674-6E9D-45A5-8B40-E2863BA50AFB}.Ad-Hoc|x64.Build.0 = Release|x64
		{7D86C674-6E9D-45A5-8B40-E2863BA50AFB}.Ad-Hoc|x64.Deploy.0 = Release|x64
		{7D86C674-6E9D-45A5-8B40-E2863BA50AFB}.Ad-Hoc|x86.ActiveCfg = Release|x86
		{7D86C674-6E9D-45A5-8B40-E2863BA50AFB}.Ad-Hoc|x86.Build.0 = Release|x86
		{7D86C674-6E9D-45A5-8B40-E2863BA50AFB}.Ad-Hoc|x86.Deploy.0 = Release|x86
		{7D86C674-6E9D-45A5-8B40-E2863BA50AFB}.AppStore|Any CPU.ActiveCfg = Release|x86
		{7D86C674-6E9D-45A5-8B40-E2863BA50AFB}.AppStore|Any CPU.Build.0 = Release|x86
		{7D86C674-6E9D-45A5-8B40-E2863BA50AFB}.AppStore|Any CPU.Deploy.0 = Release|x86
		{7D86C674-6E9D-45A5-8B40-E2863BA50AFB}.AppStore|ARM.ActiveCfg = Release|ARM
		{7D86C674-6E9D-45A5-8B40-E2863BA50AFB}.AppStore|ARM.Build.0 = Release|ARM
		{7D86C674-6E9D-45A5-8B40-E2863BA50AFB}.AppStore|ARM.Deploy.0 = Release|ARM
		{7D86C674-6E9D-45A5-8B40-E2863BA50AFB}.AppStore|iPhone.ActiveCfg = Release|x86
		{7D86C674-6E9D-45A5-8B40-E2863BA50AFB}.AppStore|iPhone.Build.0 = Release|x86
		{7D86C674-6E9D-45A5-8B40-E2863BA50AFB}.AppStore|iPhone.Deploy.0 = Release|x86
		{7D86C674-6E9D-45A5-8B40-E2863BA50AFB}.AppStore|iPhoneSimulator.ActiveCfg = Release|x86
		{7D86C674-6E9D-45A5-8B40-E2863BA50AFB}.AppStore|iPhoneSimulator.Build.0 = Release|x86
		{7D86C674-6E9D-45A5-8B40-E2863BA50AFB}.AppStore|iPhoneSimulator.Deploy.0 = Release|x86
		{7D86C674-6E9D-45A5-8B40-E2863BA50AFB}.AppStore|x64.ActiveCfg = Release|x64
		{7D86C674-6E9D-45A5-8B40-E2863BA50AFB}.AppStore|x64.Build.0 = Release|x64
		{7D86C674-6E9D-45A5-8B40-E2863BA50AFB}.AppStore|x64.Deploy.0 = Release|x64
		{7D86C674-6E9D-45A5-8B40-E2863BA50AFB}.AppStore|x86.ActiveCfg = Release|x86
		{7D86C674-6E9D-45A5-8B40-E2863BA50AFB}.AppStore|x86.Build.0 = Release|x86
		{7D86C674-6E9D-45A5-8B40-E2863BA50AFB}.AppStore|x86.Deploy.0 = Release|x86
		{7D86C674-6E9D-45A5-8B40-E2863BA50AFB}.Debug|Any CPU.ActiveCfg = Debug|x86
		{7D86C674-6E9D-45A5-8B40-E2863BA50AFB}.Debug|Any CPU.Build.0 = Debug|x86
		{7D86C674-6E9D-45A5-8B40-E2863BA50AFB}.Debug|Any CPU.Deploy.0 = Debug|x86
		{7D86C674-6E9D-45A5-8B40-E2863BA50AFB}.Debug|ARM.ActiveCfg = Debug|ARM
		{7D86C674-6E9D-45A5-8B40-E2863BA50AFB}.Debug|ARM.Build.0 = Debug|ARM
		{7D86C674-6E9D-45A5-8B40-E2863BA50AFB}.Debug|ARM.Deploy.0 = Debug|ARM
		{7D86C674-6E9D-45A5-8B40-E2863BA50AFB}.Debug|iPhone.ActiveCfg = Debug|x86
		{7D86C674-6E9D-45A5-8B40-E2863BA50AFB}.Debug|iPhone.Build.0 = Debug|x86
		{7D86C674-6E9D-45A5-8B40-E2863BA50AFB}.Debug|iPhone.Deploy.0 = Debug|x86
		{7D86C674-6E9D-45A5-8B40-E2863BA50AFB}.Debug|iPhoneSimulator.ActiveCfg = Debug|x86
		{7D86C674-6E9D-45A5-8B40-E2863BA50AFB}.Debug|iPhoneSimulator.Build.0 = Debug|x86
		{7D86C674-6E9D-45A5-8B40-E2863BA50AFB}.Debug|iPhoneSimulator.Deploy.0 = Debug|x86
		{7D86C674-6E9D-45A5-8B40-E2863BA50AFB}.Debug|x64.ActiveCfg = Debug|x64
		{7D86C674-6E9D-45A5-8B40-E2863BA50AFB}.Debug|x64.Build.0 = Debug|x64
		{7D86C674-6E9D-45A5-8B40-E2863BA50AFB}.Debug|x64.Deploy.0 = Debug|x64
		{7D86C674-6E9D-45A5-8B40-E2863BA50AFB}.Debug|x86.ActiveCfg = Debug|x86
		{7D86C674-6E9D-45A5-8B40-E2863BA50AFB}.Debug|x86.Build.0 = Debug|x86
		{7D86C674-6E9D-45A5-8B40-E2863BA50AFB}.Debug|x86.Deploy.0 = Debug|x86
		{7D86C674-6E9D-45A5-8B40-E2863BA50AFB}.Release|Any CPU.ActiveCfg = Release|x86
		{7D86C674-6E9D-45A5-8B40-E2863BA50AFB}.Release|Any CPU.Build.0 = Release|x86
		{7D86C674-6E9D-45A5-8B40-E2863BA50AFB}.Release|Any CPU.Deploy.0 = Release|x86
		{7D86C674-6E9D-45A5-8B40-E2863BA50AFB}.Release|ARM.ActiveCfg = Release|ARM
		{7D86C674-6E9D-45A5-8B40-E2863BA50AFB}.Release|ARM.Build.0 = Release|ARM
		{7D86C674-6E9D-45A5-8B40-E2863BA50AFB}.Release|ARM.Deploy.0 = Release|ARM
		{7D86C674-6E9D-45A5-8B40-E2863BA50AFB}.Release|iPhone.ActiveCfg = Release|x86
		{7D86C674-6E9D-45A5-8B40-E2863BA50AFB}.Release|iPhone.Build.0 = Release|x86
		{7D86C674-6E9D-45A5-8B40-E2863BA50AFB}.Release|iPhone.Deploy.0 = Release|x86
		{7D86C674-6E9D-45A5-8B40-E2863BA50AFB}.Release|iPhoneSimulator.ActiveCfg = Release|x86
		{7D86C674-6E9D-45A5-8B40-E2863BA50AFB}.Release|iPhoneSimulator.Build.0 = Release|x86
		{7D86C674-6E9D-45A5-8B40-E2863BA50AFB}.Release|iPhoneSimulator.Deploy.0 = Release|x86
		{7D86C674-6E9D-45A5-8B40-E2863BA50AFB}.Release|x64.ActiveCfg = Release|x64
		{7D86C674-6E9D-45A5-8B40-E2863BA50AFB}.Release|x64.Build.0 = Release|x64
		{7D86C674-6E9D-45A5-8B40-E2863BA50AFB}.Release|x64.Deploy.0 = Release|x64
		{7D86C674-6E9D-45A5-8B40-E2863BA50AFB}.Release|x86.ActiveCfg = Release|x86
		{7D86C674-6E9D-45A5-8B40-E2863BA50AFB}.Release|x86.Build.0 = Release|x86
		{7D86C674-6E9D-45A5-8B40-E2863BA50AFB}.Release|x86.Deploy.0 = Release|x86
		{D96D0BC9-6075-4DDF-A200-E027E56B94D8}.Ad-Hoc|Any CPU.ActiveCfg = Release|Any CPU
		{D96D0BC9-6075-4DDF-A200-E027E56B94D8}.Ad-Hoc|Any CPU.Build.0 = Release|Any CPU
		{D96D0BC9-6075-4DDF-A200-E027E56B94D8}.Ad-Hoc|ARM.ActiveCfg = Release|Any CPU
		{D96D0BC9-6075-4DDF-A200-E027E56B94D8}.Ad-Hoc|ARM.Build.0 = Release|Any CPU
		{D96D0BC9-6075-4DDF-A200-E027E56B94D8}.Ad-Hoc|iPhone.ActiveCfg = Release|Any CPU
		{D96D0BC9-6075-4DDF-A200-E027E56B94D8}.Ad-Hoc|iPhone.Build.0 = Release|Any CPU
		{D96D0BC9-6075-4DDF-A200-E027E56B94D8}.Ad-Hoc|iPhoneSimulator.ActiveCfg = Release|Any CPU
		{D96D0BC9-6075-4DDF-A200-E027E56B94D8}.Ad-Hoc|iPhoneSimulator.Build.0 = Release|Any CPU
		{D96D0BC9-6075-4DDF-A200-E027E56B94D8}.Ad-Hoc|x64.ActiveCfg = Release|Any CPU
		{D96D0BC9-6075-4DDF-A200-E027E56B94D8}.Ad-Hoc|x64.Build.0 = Release|Any CPU
		{D96D0BC9-6075-4DDF-A200-E027E56B94D8}.Ad-Hoc|x86.ActiveCfg = Release|Any CPU
		{D96D0BC9-6075-4DDF-A200-E027E56B94D8}.Ad-Hoc|x86.Build.0 = Release|Any CPU
		{D96D0BC9-6075-4DDF-A200-E027E56B94D8}.AppStore|Any CPU.ActiveCfg = Release|Any CPU
		{D96D0BC9-6075-4DDF-A200-E027E56B94D8}.AppStore|Any CPU.Build.0 = Release|Any CPU
		{D96D0BC9-6075-4DDF-A200-E027E56B94D8}.AppStore|ARM.ActiveCfg = Release|Any CPU
		{D96D0BC9-6075-4DDF-A200-E027E56B94D8}.AppStore|ARM.Build.0 = Release|Any CPU
		{D96D0BC9-6075-4DDF-A200-E027E56B94D8}.AppStore|iPhone.ActiveCfg = Release|Any CPU
		{D96D0BC9-6075-4DDF-A200-E027E56B94D8}.AppStore|iPhone.Build.0 = Release|Any CPU
		{D96D0BC9-6075-4DDF-A200-E027E56B94D8}.AppStore|iPhoneSimulator.ActiveCfg = Release|Any CPU
		{D96D0BC9-6075-4DDF-A200-E027E56B94D8}.AppStore|iPhoneSimulator.Build.0 = Release|Any CPU
		{D96D0BC9-6075-4DDF-A200-E027E56B94D8}.AppStore|x64.ActiveCfg = Release|Any CPU
		{D96D0BC9-6075-4DDF-A200-E027E56B94D8}.AppStore|x64.Build.0 = Release|Any CPU
		{D96D0BC9-6075-4DDF-A200-E027E56B94D8}.AppStore|x86.ActiveCfg = Release|Any CPU
		{D96D0BC9-6075-4DDF-A200-E027E56B94D8}.AppStore|x86.Build.0 = Release|Any CPU
		{D96D0BC9-6075-4DDF-A200-E027E56B94D8}.Debug|Any CPU.ActiveCfg = Debug|Any CPU
		{D96D0BC9-6075-4DDF-A200-E027E56B94D8}.Debug|Any CPU.Build.0 = Debug|Any CPU
		{D96D0BC9-6075-4DDF-A200-E027E56B94D8}.Debug|ARM.ActiveCfg = Debug|Any CPU
		{D96D0BC9-6075-4DDF-A200-E027E56B94D8}.Debug|ARM.Build.0 = Debug|Any CPU
		{D96D0BC9-6075-4DDF-A200-E027E56B94D8}.Debug|iPhone.ActiveCfg = Debug|Any CPU
		{D96D0BC9-6075-4DDF-A200-E027E56B94D8}.Debug|iPhone.Build.0 = Debug|Any CPU
		{D96D0BC9-6075-4DDF-A200-E027E56B94D8}.Debug|iPhoneSimulator.ActiveCfg = Debug|Any CPU
		{D96D0BC9-6075-4DDF-A200-E027E56B94D8}.Debug|iPhoneSimulator.Build.0 = Debug|Any CPU
		{D96D0BC9-6075-4DDF-A200-E027E56B94D8}.Debug|x64.ActiveCfg = Debug|Any CPU
		{D96D0BC9-6075-4DDF-A200-E027E56B94D8}.Debug|x64.Build.0 = Debug|Any CPU
		{D96D0BC9-6075-4DDF-A200-E027E56B94D8}.Debug|x86.ActiveCfg = Debug|Any CPU
		{D96D0BC9-6075-4DDF-A200-E027E56B94D8}.Debug|x86.Build.0 = Debug|Any CPU
		{D96D0BC9-6075-4DDF-A200-E027E56B94D8}.Release|Any CPU.ActiveCfg = Release|Any CPU
		{D96D0BC9-6075-4DDF-A200-E027E56B94D8}.Release|Any CPU.Build.0 = Release|Any CPU
		{D96D0BC9-6075-4DDF-A200-E027E56B94D8}.Release|ARM.ActiveCfg = Release|Any CPU
		{D96D0BC9-6075-4DDF-A200-E027E56B94D8}.Release|ARM.Build.0 = Release|Any CPU
		{D96D0BC9-6075-4DDF-A200-E027E56B94D8}.Release|iPhone.ActiveCfg = Release|Any CPU
		{D96D0BC9-6075-4DDF-A200-E027E56B94D8}.Release|iPhone.Build.0 = Release|Any CPU
		{D96D0BC9-6075-4DDF-A200-E027E56B94D8}.Release|iPhoneSimulator.ActiveCfg = Release|Any CPU
		{D96D0BC9-6075-4DDF-A200-E027E56B94D8}.Release|iPhoneSimulator.Build.0 = Release|Any CPU
		{D96D0BC9-6075-4DDF-A200-E027E56B94D8}.Release|x64.ActiveCfg = Release|Any CPU
		{D96D0BC9-6075-4DDF-A200-E027E56B94D8}.Release|x64.Build.0 = Release|Any CPU
		{D96D0BC9-6075-4DDF-A200-E027E56B94D8}.Release|x86.ActiveCfg = Release|Any CPU
		{D96D0BC9-6075-4DDF-A200-E027E56B94D8}.Release|x86.Build.0 = Release|Any CPU
		{F8A90243-0768-4A2F-9D51-E08A29990537}.Ad-Hoc|Any CPU.ActiveCfg = Release|Any CPU
		{F8A90243-0768-4A2F-9D51-E08A29990537}.Ad-Hoc|Any CPU.Build.0 = Release|Any CPU
		{F8A90243-0768-4A2F-9D51-E08A29990537}.Ad-Hoc|ARM.ActiveCfg = Release|Any CPU
		{F8A90243-0768-4A2F-9D51-E08A29990537}.Ad-Hoc|ARM.Build.0 = Release|Any CPU
		{F8A90243-0768-4A2F-9D51-E08A29990537}.Ad-Hoc|iPhone.ActiveCfg = Release|Any CPU
		{F8A90243-0768-4A2F-9D51-E08A29990537}.Ad-Hoc|iPhone.Build.0 = Release|Any CPU
		{F8A90243-0768-4A2F-9D51-E08A29990537}.Ad-Hoc|iPhoneSimulator.ActiveCfg = Release|Any CPU
		{F8A90243-0768-4A2F-9D51-E08A29990537}.Ad-Hoc|iPhoneSimulator.Build.0 = Release|Any CPU
		{F8A90243-0768-4A2F-9D51-E08A29990537}.Ad-Hoc|x64.ActiveCfg = Release|Any CPU
		{F8A90243-0768-4A2F-9D51-E08A29990537}.Ad-Hoc|x64.Build.0 = Release|Any CPU
		{F8A90243-0768-4A2F-9D51-E08A29990537}.Ad-Hoc|x86.ActiveCfg = Release|Any CPU
		{F8A90243-0768-4A2F-9D51-E08A29990537}.Ad-Hoc|x86.Build.0 = Release|Any CPU
		{F8A90243-0768-4A2F-9D51-E08A29990537}.AppStore|Any CPU.ActiveCfg = Release|Any CPU
		{F8A90243-0768-4A2F-9D51-E08A29990537}.AppStore|Any CPU.Build.0 = Release|Any CPU
		{F8A90243-0768-4A2F-9D51-E08A29990537}.AppStore|ARM.ActiveCfg = Release|Any CPU
		{F8A90243-0768-4A2F-9D51-E08A29990537}.AppStore|ARM.Build.0 = Release|Any CPU
		{F8A90243-0768-4A2F-9D51-E08A29990537}.AppStore|iPhone.ActiveCfg = Release|Any CPU
		{F8A90243-0768-4A2F-9D51-E08A29990537}.AppStore|iPhone.Build.0 = Release|Any CPU
		{F8A90243-0768-4A2F-9D51-E08A29990537}.AppStore|iPhoneSimulator.ActiveCfg = Release|Any CPU
		{F8A90243-0768-4A2F-9D51-E08A29990537}.AppStore|iPhoneSimulator.Build.0 = Release|Any CPU
		{F8A90243-0768-4A2F-9D51-E08A29990537}.AppStore|x64.ActiveCfg = Release|Any CPU
		{F8A90243-0768-4A2F-9D51-E08A29990537}.AppStore|x64.Build.0 = Release|Any CPU
		{F8A90243-0768-4A2F-9D51-E08A29990537}.AppStore|x86.ActiveCfg = Release|Any CPU
		{F8A90243-0768-4A2F-9D51-E08A29990537}.AppStore|x86.Build.0 = Release|Any CPU
		{F8A90243-0768-4A2F-9D51-E08A29990537}.Debug|Any CPU.ActiveCfg = Debug|Any CPU
		{F8A90243-0768-4A2F-9D51-E08A29990537}.Debug|Any CPU.Build.0 = Debug|Any CPU
		{F8A90243-0768-4A2F-9D51-E08A29990537}.Debug|ARM.ActiveCfg = Debug|Any CPU
		{F8A90243-0768-4A2F-9D51-E08A29990537}.Debug|ARM.Build.0 = Debug|Any CPU
		{F8A90243-0768-4A2F-9D51-E08A29990537}.Debug|iPhone.ActiveCfg = Debug|Any CPU
		{F8A90243-0768-4A2F-9D51-E08A29990537}.Debug|iPhone.Build.0 = Debug|Any CPU
		{F8A90243-0768-4A2F-9D51-E08A29990537}.Debug|iPhoneSimulator.ActiveCfg = Debug|Any CPU
		{F8A90243-0768-4A2F-9D51-E08A29990537}.Debug|iPhoneSimulator.Build.0 = Debug|Any CPU
		{F8A90243-0768-4A2F-9D51-E08A29990537}.Debug|x64.ActiveCfg = Debug|Any CPU
		{F8A90243-0768-4A2F-9D51-E08A29990537}.Debug|x64.Build.0 = Debug|Any CPU
		{F8A90243-0768-4A2F-9D51-E08A29990537}.Debug|x86.ActiveCfg = Debug|Any CPU
		{F8A90243-0768-4A2F-9D51-E08A29990537}.Debug|x86.Build.0 = Debug|Any CPU
		{F8A90243-0768-4A2F-9D51-E08A29990537}.Release|Any CPU.ActiveCfg = Release|Any CPU
		{F8A90243-0768-4A2F-9D51-E08A29990537}.Release|Any CPU.Build.0 = Release|Any CPU
		{F8A90243-0768-4A2F-9D51-E08A29990537}.Release|ARM.ActiveCfg = Release|Any CPU
		{F8A90243-0768-4A2F-9D51-E08A29990537}.Release|ARM.Build.0 = Release|Any CPU
		{F8A90243-0768-4A2F-9D51-E08A29990537}.Release|iPhone.ActiveCfg = Release|Any CPU
		{F8A90243-0768-4A2F-9D51-E08A29990537}.Release|iPhone.Build.0 = Release|Any CPU
		{F8A90243-0768-4A2F-9D51-E08A29990537}.Release|iPhoneSimulator.ActiveCfg = Release|Any CPU
		{F8A90243-0768-4A2F-9D51-E08A29990537}.Release|iPhoneSimulator.Build.0 = Release|Any CPU
		{F8A90243-0768-4A2F-9D51-E08A29990537}.Release|x64.ActiveCfg = Release|Any CPU
		{F8A90243-0768-4A2F-9D51-E08A29990537}.Release|x64.Build.0 = Release|Any CPU
		{F8A90243-0768-4A2F-9D51-E08A29990537}.Release|x86.ActiveCfg = Release|Any CPU
		{F8A90243-0768-4A2F-9D51-E08A29990537}.Release|x86.Build.0 = Release|Any CPU
		{BDCB88D1-C211-4D52-8982-03D0F7E2987F}.Ad-Hoc|Any CPU.ActiveCfg = Release|Any CPU
		{BDCB88D1-C211-4D52-8982-03D0F7E2987F}.Ad-Hoc|Any CPU.Build.0 = Release|Any CPU
		{BDCB88D1-C211-4D52-8982-03D0F7E2987F}.Ad-Hoc|ARM.ActiveCfg = Release|Any CPU
		{BDCB88D1-C211-4D52-8982-03D0F7E2987F}.Ad-Hoc|ARM.Build.0 = Release|Any CPU
		{BDCB88D1-C211-4D52-8982-03D0F7E2987F}.Ad-Hoc|iPhone.ActiveCfg = Release|Any CPU
		{BDCB88D1-C211-4D52-8982-03D0F7E2987F}.Ad-Hoc|iPhone.Build.0 = Release|Any CPU
		{BDCB88D1-C211-4D52-8982-03D0F7E2987F}.Ad-Hoc|iPhoneSimulator.ActiveCfg = Release|Any CPU
		{BDCB88D1-C211-4D52-8982-03D0F7E2987F}.Ad-Hoc|iPhoneSimulator.Build.0 = Release|Any CPU
		{BDCB88D1-C211-4D52-8982-03D0F7E2987F}.Ad-Hoc|x64.ActiveCfg = Release|Any CPU
		{BDCB88D1-C211-4D52-8982-03D0F7E2987F}.Ad-Hoc|x64.Build.0 = Release|Any CPU
		{BDCB88D1-C211-4D52-8982-03D0F7E2987F}.Ad-Hoc|x86.ActiveCfg = Release|Any CPU
		{BDCB88D1-C211-4D52-8982-03D0F7E2987F}.Ad-Hoc|x86.Build.0 = Release|Any CPU
		{BDCB88D1-C211-4D52-8982-03D0F7E2987F}.AppStore|Any CPU.ActiveCfg = Release|Any CPU
		{BDCB88D1-C211-4D52-8982-03D0F7E2987F}.AppStore|Any CPU.Build.0 = Release|Any CPU
		{BDCB88D1-C211-4D52-8982-03D0F7E2987F}.AppStore|ARM.ActiveCfg = Release|Any CPU
		{BDCB88D1-C211-4D52-8982-03D0F7E2987F}.AppStore|ARM.Build.0 = Release|Any CPU
		{BDCB88D1-C211-4D52-8982-03D0F7E2987F}.AppStore|iPhone.ActiveCfg = Release|Any CPU
		{BDCB88D1-C211-4D52-8982-03D0F7E2987F}.AppStore|iPhone.Build.0 = Release|Any CPU
		{BDCB88D1-C211-4D52-8982-03D0F7E2987F}.AppStore|iPhoneSimulator.ActiveCfg = Release|Any CPU
		{BDCB88D1-C211-4D52-8982-03D0F7E2987F}.AppStore|iPhoneSimulator.Build.0 = Release|Any CPU
		{BDCB88D1-C211-4D52-8982-03D0F7E2987F}.AppStore|x64.ActiveCfg = Release|Any CPU
		{BDCB88D1-C211-4D52-8982-03D0F7E2987F}.AppStore|x64.Build.0 = Release|Any CPU
		{BDCB88D1-C211-4D52-8982-03D0F7E2987F}.AppStore|x86.ActiveCfg = Release|Any CPU
		{BDCB88D1-C211-4D52-8982-03D0F7E2987F}.AppStore|x86.Build.0 = Release|Any CPU
		{BDCB88D1-C211-4D52-8982-03D0F7E2987F}.Debug|Any CPU.ActiveCfg = Debug|Any CPU
		{BDCB88D1-C211-4D52-8982-03D0F7E2987F}.Debug|Any CPU.Build.0 = Debug|Any CPU
		{BDCB88D1-C211-4D52-8982-03D0F7E2987F}.Debug|ARM.ActiveCfg = Debug|Any CPU
		{BDCB88D1-C211-4D52-8982-03D0F7E2987F}.Debug|ARM.Build.0 = Debug|Any CPU
		{BDCB88D1-C211-4D52-8982-03D0F7E2987F}.Debug|iPhone.ActiveCfg = Debug|Any CPU
		{BDCB88D1-C211-4D52-8982-03D0F7E2987F}.Debug|iPhone.Build.0 = Debug|Any CPU
		{BDCB88D1-C211-4D52-8982-03D0F7E2987F}.Debug|iPhoneSimulator.ActiveCfg = Debug|Any CPU
		{BDCB88D1-C211-4D52-8982-03D0F7E2987F}.Debug|iPhoneSimulator.Build.0 = Debug|Any CPU
		{BDCB88D1-C211-4D52-8982-03D0F7E2987F}.Debug|x64.ActiveCfg = Debug|Any CPU
		{BDCB88D1-C211-4D52-8982-03D0F7E2987F}.Debug|x64.Build.0 = Debug|Any CPU
		{BDCB88D1-C211-4D52-8982-03D0F7E2987F}.Debug|x86.ActiveCfg = Debug|Any CPU
		{BDCB88D1-C211-4D52-8982-03D0F7E2987F}.Debug|x86.Build.0 = Debug|Any CPU
		{BDCB88D1-C211-4D52-8982-03D0F7E2987F}.Release|Any CPU.ActiveCfg = Release|Any CPU
		{BDCB88D1-C211-4D52-8982-03D0F7E2987F}.Release|Any CPU.Build.0 = Release|Any CPU
		{BDCB88D1-C211-4D52-8982-03D0F7E2987F}.Release|ARM.ActiveCfg = Release|Any CPU
		{BDCB88D1-C211-4D52-8982-03D0F7E2987F}.Release|ARM.Build.0 = Release|Any CPU
		{BDCB88D1-C211-4D52-8982-03D0F7E2987F}.Release|iPhone.ActiveCfg = Release|Any CPU
		{BDCB88D1-C211-4D52-8982-03D0F7E2987F}.Release|iPhone.Build.0 = Release|Any CPU
		{BDCB88D1-C211-4D52-8982-03D0F7E2987F}.Release|iPhoneSimulator.ActiveCfg = Release|Any CPU
		{BDCB88D1-C211-4D52-8982-03D0F7E2987F}.Release|iPhoneSimulator.Build.0 = Release|Any CPU
		{BDCB88D1-C211-4D52-8982-03D0F7E2987F}.Release|x64.ActiveCfg = Release|Any CPU
		{BDCB88D1-C211-4D52-8982-03D0F7E2987F}.Release|x64.Build.0 = Release|Any CPU
		{BDCB88D1-C211-4D52-8982-03D0F7E2987F}.Release|x86.ActiveCfg = Release|Any CPU
		{BDCB88D1-C211-4D52-8982-03D0F7E2987F}.Release|x86.Build.0 = Release|Any CPU
	EndGlobalSection
	GlobalSection(SolutionProperties) = preSolution
		HideSolutionNode = FALSE
	EndGlobalSection
	GlobalSection(ExtensibilityGlobals) = postSolution
		SolutionGuid = {B3A6292A-1367-43FF-87D9-C3B20A06BF0D}
	EndGlobalSection
EndGlobal
